// !$*UTF8*$!
{
	archiveVersion = 1;
	classes = {
	};
	objectVersion = 52;
	objects = {

/* Begin PBXBuildFile section */
		B201C1DB24965B6C00FC3EFA /* GetData.swift in Sources */ = {isa = PBXBuildFile; fileRef = B201C1DA24965B6C00FC3EFA /* GetData.swift */; };
		B201C1DE24965B8400FC3EFA /* SwiftSoup in Frameworks */ = {isa = PBXBuildFile; productRef = B201C1DD24965B8400FC3EFA /* SwiftSoup */; };
		B21615D42497879200F53167 /* Localizable.strings in Resources */ = {isa = PBXBuildFile; fileRef = B21615D62497879200F53167 /* Localizable.strings */; };
		B21870FE253A8C51002F8FD2 /* WidgetKit.framework in Frameworks */ = {isa = PBXBuildFile; fileRef = B21870BC253A8BF8002F8FD2 /* WidgetKit.framework */; };
		B21870FF253A8C51002F8FD2 /* SwiftUI.framework in Frameworks */ = {isa = PBXBuildFile; fileRef = B21870BE253A8BF8002F8FD2 /* SwiftUI.framework */; };
		B2187102253A8C51002F8FD2 /* mealWidget.swift in Sources */ = {isa = PBXBuildFile; fileRef = B2187101253A8C51002F8FD2 /* mealWidget.swift */; };
		B2187104253A8C53002F8FD2 /* Assets.xcassets in Resources */ = {isa = PBXBuildFile; fileRef = B2187103253A8C53002F8FD2 /* Assets.xcassets */; };
		B2187108253A8C53002F8FD2 /* mealWidgetExtension.appex in Embed App Extensions */ = {isa = PBXBuildFile; fileRef = B21870FD253A8C51002F8FD2 /* mealWidgetExtension.appex */; platformFilter = ios; settings = {ATTRIBUTES = (RemoveHeadersOnCopy, ); }; };
		B21B0CFB23E9499200B71444 /* ActivityIndicator.swift in Sources */ = {isa = PBXBuildFile; fileRef = B21B0CFA23E9499200B71444 /* ActivityIndicator.swift */; };
		B2305367269E9A7E0095F0CA /* ContentViewModel.swift in Sources */ = {isa = PBXBuildFile; fileRef = B2305366269E9A7E0095F0CA /* ContentViewModel.swift */; };
		B234402F2496574900F08716 /* Interface.storyboard in Resources */ = {isa = PBXBuildFile; fileRef = B234402D2496574900F08716 /* Interface.storyboard */; };
		B23440312496574B00F08716 /* Assets.xcassets in Resources */ = {isa = PBXBuildFile; fileRef = B23440302496574B00F08716 /* Assets.xcassets */; };
		B23440382496574C00F08716 /* watchMeal Extension.appex in Embed App Extensions */ = {isa = PBXBuildFile; fileRef = B23440372496574C00F08716 /* watchMeal Extension.appex */; settings = {ATTRIBUTES = (RemoveHeadersOnCopy, ); }; };
		B234403D2496574C00F08716 /* ContentView.swift in Sources */ = {isa = PBXBuildFile; fileRef = B234403C2496574C00F08716 /* ContentView.swift */; };
		B234403F2496574C00F08716 /* HostingController.swift in Sources */ = {isa = PBXBuildFile; fileRef = B234403E2496574C00F08716 /* HostingController.swift */; };
		B23440412496574C00F08716 /* ExtensionDelegate.swift in Sources */ = {isa = PBXBuildFile; fileRef = B23440402496574C00F08716 /* ExtensionDelegate.swift */; };
		B23440432496574C00F08716 /* NotificationController.swift in Sources */ = {isa = PBXBuildFile; fileRef = B23440422496574C00F08716 /* NotificationController.swift */; };
		B23440452496574C00F08716 /* NotificationView.swift in Sources */ = {isa = PBXBuildFile; fileRef = B23440442496574C00F08716 /* NotificationView.swift */; };
		B23440472496574D00F08716 /* Assets.xcassets in Resources */ = {isa = PBXBuildFile; fileRef = B23440462496574D00F08716 /* Assets.xcassets */; };
		B234404A2496574D00F08716 /* Preview Assets.xcassets in Resources */ = {isa = PBXBuildFile; fileRef = B23440492496574D00F08716 /* Preview Assets.xcassets */; };
		B234404F2496574D00F08716 /* watchMeal.app in Embed Watch Content */ = {isa = PBXBuildFile; fileRef = B234402B2496574900F08716 /* watchMeal.app */; platformFilter = ios; settings = {ATTRIBUTES = (RemoveHeadersOnCopy, ); }; };
		B2344062249659A600F08716 /* MealView.swift in Sources */ = {isa = PBXBuildFile; fileRef = B2344061249659A600F08716 /* MealView.swift */; };
		B23FC3E7269AF2D200EDF9DC /* SwiftUIRefresh in Frameworks */ = {isa = PBXBuildFile; productRef = B23FC3E6269AF2D200EDF9DC /* SwiftUIRefresh */; };
		B23FC3E9269AF9E600EDF9DC /* DateSelBoxView.swift in Sources */ = {isa = PBXBuildFile; fileRef = B23FC3E8269AF9E600EDF9DC /* DateSelBoxView.swift */; };
		B24E5CBD23A638380087B2F1 /* AppDelegate.swift in Sources */ = {isa = PBXBuildFile; fileRef = B24E5CBC23A638380087B2F1 /* AppDelegate.swift */; };
		B24E5CBF23A638380087B2F1 /* SceneDelegate.swift in Sources */ = {isa = PBXBuildFile; fileRef = B24E5CBE23A638380087B2F1 /* SceneDelegate.swift */; };
		B24E5CC123A638380087B2F1 /* ContentView.swift in Sources */ = {isa = PBXBuildFile; fileRef = B24E5CC023A638380087B2F1 /* ContentView.swift */; };
		B24E5CC323A638380087B2F1 /* Assets.xcassets in Resources */ = {isa = PBXBuildFile; fileRef = B24E5CC223A638380087B2F1 /* Assets.xcassets */; };
		B24E5CC623A638380087B2F1 /* Preview Assets.xcassets in Resources */ = {isa = PBXBuildFile; fileRef = B24E5CC523A638380087B2F1 /* Preview Assets.xcassets */; };
		B24E5CC923A638380087B2F1 /* LaunchScreen.storyboard in Resources */ = {isa = PBXBuildFile; fileRef = B24E5CC723A638380087B2F1 /* LaunchScreen.storyboard */; };
		B260300F253ADDF6009C8A11 /* GetData.swift in Sources */ = {isa = PBXBuildFile; fileRef = B2603005253ADD98009C8A11 /* GetData.swift */; };
		B271137526A1932E0095DACE /* Reorderable.swift in Sources */ = {isa = PBXBuildFile; fileRef = B271137426A1932E0095DACE /* Reorderable.swift */; };
		B271137E26A193DC0095DACE /* TopNavigator.swift in Sources */ = {isa = PBXBuildFile; fileRef = B271137D26A193DC0095DACE /* TopNavigator.swift */; };
		B271138126A194110095DACE /* NetManager.swift in Sources */ = {isa = PBXBuildFile; fileRef = B271138026A194110095DACE /* NetManager.swift */; };
		B271138226A195110095DACE /* DateExtensions.swift in Sources */ = {isa = PBXBuildFile; fileRef = B2784FBD240F3E69005E0E81 /* DateExtensions.swift */; };
		B271138326A195130095DACE /* WeekdayControl.swift in Sources */ = {isa = PBXBuildFile; fileRef = B2784FBE240F3E69005E0E81 /* WeekdayControl.swift */; };
		B2784FC0240F3E69005E0E81 /* DateExtensions.swift in Sources */ = {isa = PBXBuildFile; fileRef = B2784FBD240F3E69005E0E81 /* DateExtensions.swift */; };
		B2784FC1240F3E69005E0E81 /* WeekdayControl.swift in Sources */ = {isa = PBXBuildFile; fileRef = B2784FBE240F3E69005E0E81 /* WeekdayControl.swift */; };
		B29187F323A66F4A0067D259 /* SwiftSoup in Frameworks */ = {isa = PBXBuildFile; productRef = B29187F223A66F4A0067D259 /* SwiftSoup */; };
		B2946CAD253AA8E8002FBBC5 /* SwiftSoup in Frameworks */ = {isa = PBXBuildFile; productRef = B2946CAC253AA8E8002FBBC5 /* SwiftSoup */; };
		B2B8EF5426A2804500F1179D /* MealListCell.swift in Sources */ = {isa = PBXBuildFile; fileRef = B2B8EF5326A2804500F1179D /* MealListCell.swift */; };
		B2C123B726A1A12100F4D1E8 /* Reorderable.swift in Sources */ = {isa = PBXBuildFile; fileRef = B271137426A1932E0095DACE /* Reorderable.swift */; };
		B2E65B922414A10A000C2D9A /* Localizable.strings in Resources */ = {isa = PBXBuildFile; fileRef = B2E65B942414A10A000C2D9A /* Localizable.strings */; };
		B2F7B57323B2327F001F3263 /* GetData.swift in Sources */ = {isa = PBXBuildFile; fileRef = B2F7B57223B2327F001F3263 /* GetData.swift */; };
/* End PBXBuildFile section */

/* Begin PBXContainerItemProxy section */
		B2187106253A8C53002F8FD2 /* PBXContainerItemProxy */ = {
			isa = PBXContainerItemProxy;
			containerPortal = B24E5CB123A638380087B2F1 /* Project object */;
			proxyType = 1;
			remoteGlobalIDString = B21870FC253A8C51002F8FD2;
			remoteInfo = mealWidgetExtension;
		};
		B23440392496574C00F08716 /* PBXContainerItemProxy */ = {
			isa = PBXContainerItemProxy;
			containerPortal = B24E5CB123A638380087B2F1 /* Project object */;
			proxyType = 1;
			remoteGlobalIDString = B23440362496574C00F08716;
			remoteInfo = "watchMeal Extension";
		};
		B234404D2496574D00F08716 /* PBXContainerItemProxy */ = {
			isa = PBXContainerItemProxy;
			containerPortal = B24E5CB123A638380087B2F1 /* Project object */;
			proxyType = 1;
			remoteGlobalIDString = B234402A2496574900F08716;
			remoteInfo = watchMeal;
		};
/* End PBXContainerItemProxy section */

/* Begin PBXCopyFilesBuildPhase section */
		B21870CC253A8BFA002F8FD2 /* Embed App Extensions */ = {
			isa = PBXCopyFilesBuildPhase;
			buildActionMask = 2147483647;
			dstPath = "";
			dstSubfolderSpec = 13;
			files = (
				B2187108253A8C53002F8FD2 /* mealWidgetExtension.appex in Embed App Extensions */,
			);
			name = "Embed App Extensions";
			runOnlyForDeploymentPostprocessing = 0;
		};
		B23440502496574D00F08716 /* Embed Watch Content */ = {
			isa = PBXCopyFilesBuildPhase;
			buildActionMask = 2147483647;
			dstPath = "$(CONTENTS_FOLDER_PATH)/Watch";
			dstSubfolderSpec = 16;
			files = (
				B234404F2496574D00F08716 /* watchMeal.app in Embed Watch Content */,
			);
			name = "Embed Watch Content";
			runOnlyForDeploymentPostprocessing = 0;
		};
		B23440532496574D00F08716 /* Embed App Extensions */ = {
			isa = PBXCopyFilesBuildPhase;
			buildActionMask = 2147483647;
			dstPath = "";
			dstSubfolderSpec = 13;
			files = (
				B23440382496574C00F08716 /* watchMeal Extension.appex in Embed App Extensions */,
			);
			name = "Embed App Extensions";
			runOnlyForDeploymentPostprocessing = 0;
		};
/* End PBXCopyFilesBuildPhase section */

/* Begin PBXFileReference section */
		B201C1DA24965B6C00FC3EFA /* GetData.swift */ = {isa = PBXFileReference; fileEncoding = 4; lastKnownFileType = sourcecode.swift; name = GetData.swift; path = Geupsik/GetData.swift; sourceTree = SOURCE_ROOT; };
		B21615D52497879200F53167 /* en */ = {isa = PBXFileReference; lastKnownFileType = text.plist.strings; name = en; path = en.lproj/Localizable.strings; sourceTree = "<group>"; };
		B21615D72497879800F53167 /* ko */ = {isa = PBXFileReference; lastKnownFileType = text.plist.strings; name = ko; path = ko.lproj/Localizable.strings; sourceTree = "<group>"; };
		B21870BC253A8BF8002F8FD2 /* WidgetKit.framework */ = {isa = PBXFileReference; lastKnownFileType = wrapper.framework; name = WidgetKit.framework; path = System/Library/Frameworks/WidgetKit.framework; sourceTree = SDKROOT; };
		B21870BE253A8BF8002F8FD2 /* SwiftUI.framework */ = {isa = PBXFileReference; lastKnownFileType = wrapper.framework; name = SwiftUI.framework; path = System/Library/Frameworks/SwiftUI.framework; sourceTree = SDKROOT; };
		B21870FD253A8C51002F8FD2 /* mealWidgetExtension.appex */ = {isa = PBXFileReference; explicitFileType = "wrapper.app-extension"; includeInIndex = 0; path = mealWidgetExtension.appex; sourceTree = BUILT_PRODUCTS_DIR; };
		B2187101253A8C51002F8FD2 /* mealWidget.swift */ = {isa = PBXFileReference; lastKnownFileType = sourcecode.swift; path = mealWidget.swift; sourceTree = "<group>"; };
		B2187103253A8C53002F8FD2 /* Assets.xcassets */ = {isa = PBXFileReference; lastKnownFileType = folder.assetcatalog; path = Assets.xcassets; sourceTree = "<group>"; };
		B2187105253A8C53002F8FD2 /* Info.plist */ = {isa = PBXFileReference; lastKnownFileType = text.plist.xml; path = Info.plist; sourceTree = "<group>"; };
		B21B0CFA23E9499200B71444 /* ActivityIndicator.swift */ = {isa = PBXFileReference; lastKnownFileType = sourcecode.swift; path = ActivityIndicator.swift; sourceTree = "<group>"; };
		B2305366269E9A7E0095F0CA /* ContentViewModel.swift */ = {isa = PBXFileReference; lastKnownFileType = sourcecode.swift; path = ContentViewModel.swift; sourceTree = "<group>"; };
		B234402B2496574900F08716 /* watchMeal.app */ = {isa = PBXFileReference; explicitFileType = wrapper.application; includeInIndex = 0; path = watchMeal.app; sourceTree = BUILT_PRODUCTS_DIR; };
		B234402E2496574900F08716 /* Base */ = {isa = PBXFileReference; lastKnownFileType = file.storyboard; name = Base; path = Base.lproj/Interface.storyboard; sourceTree = "<group>"; };
		B23440302496574B00F08716 /* Assets.xcassets */ = {isa = PBXFileReference; lastKnownFileType = folder.assetcatalog; path = Assets.xcassets; sourceTree = "<group>"; };
		B23440322496574B00F08716 /* Info.plist */ = {isa = PBXFileReference; lastKnownFileType = text.plist.xml; path = Info.plist; sourceTree = "<group>"; };
		B23440372496574C00F08716 /* watchMeal Extension.appex */ = {isa = PBXFileReference; explicitFileType = "wrapper.app-extension"; includeInIndex = 0; path = "watchMeal Extension.appex"; sourceTree = BUILT_PRODUCTS_DIR; };
		B234403C2496574C00F08716 /* ContentView.swift */ = {isa = PBXFileReference; lastKnownFileType = sourcecode.swift; path = ContentView.swift; sourceTree = "<group>"; };
		B234403E2496574C00F08716 /* HostingController.swift */ = {isa = PBXFileReference; lastKnownFileType = sourcecode.swift; path = HostingController.swift; sourceTree = "<group>"; };
		B23440402496574C00F08716 /* ExtensionDelegate.swift */ = {isa = PBXFileReference; lastKnownFileType = sourcecode.swift; path = ExtensionDelegate.swift; sourceTree = "<group>"; };
		B23440422496574C00F08716 /* NotificationController.swift */ = {isa = PBXFileReference; lastKnownFileType = sourcecode.swift; path = NotificationController.swift; sourceTree = "<group>"; };
		B23440442496574C00F08716 /* NotificationView.swift */ = {isa = PBXFileReference; lastKnownFileType = sourcecode.swift; path = NotificationView.swift; sourceTree = "<group>"; };
		B23440462496574D00F08716 /* Assets.xcassets */ = {isa = PBXFileReference; lastKnownFileType = folder.assetcatalog; path = Assets.xcassets; sourceTree = "<group>"; };
		B23440492496574D00F08716 /* Preview Assets.xcassets */ = {isa = PBXFileReference; lastKnownFileType = folder.assetcatalog; path = "Preview Assets.xcassets"; sourceTree = "<group>"; };
		B234404B2496574D00F08716 /* Info.plist */ = {isa = PBXFileReference; lastKnownFileType = text.plist.xml; path = Info.plist; sourceTree = "<group>"; };
		B234404C2496574D00F08716 /* PushNotificationPayload.apns */ = {isa = PBXFileReference; lastKnownFileType = text; path = PushNotificationPayload.apns; sourceTree = "<group>"; };
		B2344061249659A600F08716 /* MealView.swift */ = {isa = PBXFileReference; lastKnownFileType = sourcecode.swift; path = MealView.swift; sourceTree = "<group>"; };
		B23FC3E8269AF9E600EDF9DC /* DateSelBoxView.swift */ = {isa = PBXFileReference; lastKnownFileType = sourcecode.swift; path = DateSelBoxView.swift; sourceTree = "<group>"; };
		B24E5CB923A638380087B2F1 /* MHMeal.app */ = {isa = PBXFileReference; explicitFileType = wrapper.application; includeInIndex = 0; path = MHMeal.app; sourceTree = BUILT_PRODUCTS_DIR; };
		B24E5CBC23A638380087B2F1 /* AppDelegate.swift */ = {isa = PBXFileReference; lastKnownFileType = sourcecode.swift; path = AppDelegate.swift; sourceTree = "<group>"; };
		B24E5CBE23A638380087B2F1 /* SceneDelegate.swift */ = {isa = PBXFileReference; lastKnownFileType = sourcecode.swift; path = SceneDelegate.swift; sourceTree = "<group>"; };
		B24E5CC023A638380087B2F1 /* ContentView.swift */ = {isa = PBXFileReference; lastKnownFileType = sourcecode.swift; path = ContentView.swift; sourceTree = "<group>"; };
		B24E5CC223A638380087B2F1 /* Assets.xcassets */ = {isa = PBXFileReference; lastKnownFileType = folder.assetcatalog; path = Assets.xcassets; sourceTree = "<group>"; };
		B24E5CC523A638380087B2F1 /* Preview Assets.xcassets */ = {isa = PBXFileReference; lastKnownFileType = folder.assetcatalog; path = "Preview Assets.xcassets"; sourceTree = "<group>"; };
		B24E5CC823A638380087B2F1 /* Base */ = {isa = PBXFileReference; lastKnownFileType = file.storyboard; name = Base; path = Base.lproj/LaunchScreen.storyboard; sourceTree = "<group>"; };
		B24E5CCA23A638380087B2F1 /* Info.plist */ = {isa = PBXFileReference; lastKnownFileType = text.plist.xml; path = Info.plist; sourceTree = "<group>"; };
		B2603005253ADD98009C8A11 /* GetData.swift */ = {isa = PBXFileReference; lastKnownFileType = sourcecode.swift; path = GetData.swift; sourceTree = "<group>"; };
		B271137426A1932E0095DACE /* Reorderable.swift */ = {isa = PBXFileReference; lastKnownFileType = sourcecode.swift; path = Reorderable.swift; sourceTree = "<group>"; };
		B271137D26A193DC0095DACE /* TopNavigator.swift */ = {isa = PBXFileReference; lastKnownFileType = sourcecode.swift; path = TopNavigator.swift; sourceTree = "<group>"; };
		B271138026A194110095DACE /* NetManager.swift */ = {isa = PBXFileReference; lastKnownFileType = sourcecode.swift; path = NetManager.swift; sourceTree = "<group>"; };
		B2784FBD240F3E69005E0E81 /* DateExtensions.swift */ = {isa = PBXFileReference; fileEncoding = 4; lastKnownFileType = sourcecode.swift; path = DateExtensions.swift; sourceTree = "<group>"; };
		B2784FBE240F3E69005E0E81 /* WeekdayControl.swift */ = {isa = PBXFileReference; fileEncoding = 4; lastKnownFileType = sourcecode.swift; path = WeekdayControl.swift; sourceTree = "<group>"; };
		B2B8EF5326A2804500F1179D /* MealListCell.swift */ = {isa = PBXFileReference; lastKnownFileType = sourcecode.swift; path = MealListCell.swift; sourceTree = "<group>"; };
		B2E65B932414A10A000C2D9A /* ko */ = {isa = PBXFileReference; lastKnownFileType = text.plist.strings; name = ko; path = ko.lproj/Localizable.strings; sourceTree = "<group>"; };
		B2E65B952414A10D000C2D9A /* en */ = {isa = PBXFileReference; lastKnownFileType = text.plist.strings; name = en; path = en.lproj/Localizable.strings; sourceTree = "<group>"; };
		B2F7B57223B2327F001F3263 /* GetData.swift */ = {isa = PBXFileReference; fileEncoding = 4; lastKnownFileType = sourcecode.swift; path = GetData.swift; sourceTree = "<group>"; };
/* End PBXFileReference section */

/* Begin PBXFrameworksBuildPhase section */
		B21870FA253A8C51002F8FD2 /* Frameworks */ = {
			isa = PBXFrameworksBuildPhase;
			buildActionMask = 2147483647;
			files = (
				B21870FF253A8C51002F8FD2 /* SwiftUI.framework in Frameworks */,
				B21870FE253A8C51002F8FD2 /* WidgetKit.framework in Frameworks */,
				B2946CAD253AA8E8002FBBC5 /* SwiftSoup in Frameworks */,
			);
			runOnlyForDeploymentPostprocessing = 0;
		};
		B23440342496574C00F08716 /* Frameworks */ = {
			isa = PBXFrameworksBuildPhase;
			buildActionMask = 2147483647;
			files = (
				B201C1DE24965B8400FC3EFA /* SwiftSoup in Frameworks */,
			);
			runOnlyForDeploymentPostprocessing = 0;
		};
		B24E5CB623A638380087B2F1 /* Frameworks */ = {
			isa = PBXFrameworksBuildPhase;
			buildActionMask = 2147483647;
			files = (
				B23FC3E7269AF2D200EDF9DC /* SwiftUIRefresh in Frameworks */,
				B29187F323A66F4A0067D259 /* SwiftSoup in Frameworks */,
			);
			runOnlyForDeploymentPostprocessing = 0;
		};
/* End PBXFrameworksBuildPhase section */

/* Begin PBXGroup section */
		B201C1DC24965B8400FC3EFA /* Frameworks */ = {
			isa = PBXGroup;
			children = (
				B21870BC253A8BF8002F8FD2 /* WidgetKit.framework */,
				B21870BE253A8BF8002F8FD2 /* SwiftUI.framework */,
			);
			name = Frameworks;
			sourceTree = "<group>";
		};
		B2187100253A8C51002F8FD2 /* mealWidget */ = {
			isa = PBXGroup;
			children = (
				B2187101253A8C51002F8FD2 /* mealWidget.swift */,
				B2603005253ADD98009C8A11 /* GetData.swift */,
				B2187103253A8C53002F8FD2 /* Assets.xcassets */,
				B2187105253A8C53002F8FD2 /* Info.plist */,
			);
			path = mealWidget;
			sourceTree = "<group>";
		};
		B234402C2496574900F08716 /* watchMeal */ = {
			isa = PBXGroup;
			children = (
				B234402D2496574900F08716 /* Interface.storyboard */,
				B23440302496574B00F08716 /* Assets.xcassets */,
				B23440322496574B00F08716 /* Info.plist */,
			);
			path = watchMeal;
			sourceTree = "<group>";
		};
		B234403B2496574C00F08716 /* watchMeal Extension */ = {
			isa = PBXGroup;
			children = (
				B2344058249658C500F08716 /* Modules */,
				B234403C2496574C00F08716 /* ContentView.swift */,
				B2344061249659A600F08716 /* MealView.swift */,
				B234403E2496574C00F08716 /* HostingController.swift */,
				B23440402496574C00F08716 /* ExtensionDelegate.swift */,
				B23440422496574C00F08716 /* NotificationController.swift */,
				B23440442496574C00F08716 /* NotificationView.swift */,
				B23440462496574D00F08716 /* Assets.xcassets */,
				B234404B2496574D00F08716 /* Info.plist */,
				B234404C2496574D00F08716 /* PushNotificationPayload.apns */,
				B23440482496574D00F08716 /* Preview Content */,
				B21615D62497879200F53167 /* Localizable.strings */,
			);
			path = "watchMeal Extension";
			sourceTree = "<group>";
		};
		B23440482496574D00F08716 /* Preview Content */ = {
			isa = PBXGroup;
			children = (
				B23440492496574D00F08716 /* Preview Assets.xcassets */,
			);
			path = "Preview Content";
			sourceTree = "<group>";
		};
		B2344058249658C500F08716 /* Modules */ = {
			isa = PBXGroup;
			children = (
				B201C1DA24965B6C00FC3EFA /* GetData.swift */,
			);
			path = Modules;
			sourceTree = "<group>";
		};
		B24E5CB023A638380087B2F1 = {
			isa = PBXGroup;
			children = (
				B24E5CBB23A638380087B2F1 /* Geupsik */,
				B234402C2496574900F08716 /* watchMeal */,
				B234403B2496574C00F08716 /* watchMeal Extension */,
				B2187100253A8C51002F8FD2 /* mealWidget */,
				B24E5CBA23A638380087B2F1 /* Products */,
				B201C1DC24965B8400FC3EFA /* Frameworks */,
			);
			sourceTree = "<group>";
		};
		B24E5CBA23A638380087B2F1 /* Products */ = {
			isa = PBXGroup;
			children = (
				B24E5CB923A638380087B2F1 /* MHMeal.app */,
				B234402B2496574900F08716 /* watchMeal.app */,
				B23440372496574C00F08716 /* watchMeal Extension.appex */,
				B21870FD253A8C51002F8FD2 /* mealWidgetExtension.appex */,
			);
			name = Products;
			sourceTree = "<group>";
		};
		B24E5CBB23A638380087B2F1 /* Geupsik */ = {
			isa = PBXGroup;
			children = (
				B271137B26A193B20095DACE /* Modules */,
				B271137926A1937B0095DACE /* Model */,
				B271137A26A193940095DACE /* View */,
				B271137826A193760095DACE /* ViewModel */,
				B24E5CBC23A638380087B2F1 /* AppDelegate.swift */,
				B24E5CBE23A638380087B2F1 /* SceneDelegate.swift */,
				B2F7B57223B2327F001F3263 /* GetData.swift */,
				B2E65B942414A10A000C2D9A /* Localizable.strings */,
				B24E5CC223A638380087B2F1 /* Assets.xcassets */,
				B24E5CC723A638380087B2F1 /* LaunchScreen.storyboard */,
				B24E5CCA23A638380087B2F1 /* Info.plist */,
				B24E5CC423A638380087B2F1 /* Preview Content */,
			);
			path = Geupsik;
			sourceTree = "<group>";
		};
		B24E5CC423A638380087B2F1 /* Preview Content */ = {
			isa = PBXGroup;
			children = (
				B24E5CC523A638380087B2F1 /* Preview Assets.xcassets */,
			);
			path = "Preview Content";
			sourceTree = "<group>";
		};
		B271137826A193760095DACE /* ViewModel */ = {
			isa = PBXGroup;
			children = (
				B2305366269E9A7E0095F0CA /* ContentViewModel.swift */,
			);
			path = ViewModel;
			sourceTree = "<group>";
		};
		B271137926A1937B0095DACE /* Model */ = {
			isa = PBXGroup;
			children = (
			);
			path = Model;
			sourceTree = "<group>";
		};
		B271137A26A193940095DACE /* View */ = {
			isa = PBXGroup;
			children = (
				B24E5CC023A638380087B2F1 /* ContentView.swift */,
				B23FC3E8269AF9E600EDF9DC /* DateSelBoxView.swift */,
				B271137D26A193DC0095DACE /* TopNavigator.swift */,
				B2B8EF5326A2804500F1179D /* MealListCell.swift */,
			);
			path = View;
			sourceTree = "<group>";
		};
		B271137B26A193B20095DACE /* Modules */ = {
			isa = PBXGroup;
			children = (
				B2784FBD240F3E69005E0E81 /* DateExtensions.swift */,
				B2784FBE240F3E69005E0E81 /* WeekdayControl.swift */,
				B271138026A194110095DACE /* NetManager.swift */,
				B21B0CFA23E9499200B71444 /* ActivityIndicator.swift */,
				B271137426A1932E0095DACE /* Reorderable.swift */,
			);
			path = Modules;
			sourceTree = "<group>";
		};
/* End PBXGroup section */

/* Begin PBXNativeTarget section */
		B21870FC253A8C51002F8FD2 /* mealWidgetExtension */ = {
			isa = PBXNativeTarget;
			buildConfigurationList = B2187109253A8C53002F8FD2 /* Build configuration list for PBXNativeTarget "mealWidgetExtension" */;
			buildPhases = (
				B21870F9253A8C51002F8FD2 /* Sources */,
				B21870FA253A8C51002F8FD2 /* Frameworks */,
				B21870FB253A8C51002F8FD2 /* Resources */,
			);
			buildRules = (
			);
			dependencies = (
			);
			name = mealWidgetExtension;
			packageProductDependencies = (
				B2946CAC253AA8E8002FBBC5 /* SwiftSoup */,
			);
			productName = mealWidgetExtension;
			productReference = B21870FD253A8C51002F8FD2 /* mealWidgetExtension.appex */;
			productType = "com.apple.product-type.app-extension";
		};
		B234402A2496574900F08716 /* watchMeal */ = {
			isa = PBXNativeTarget;
			buildConfigurationList = B23440572496574D00F08716 /* Build configuration list for PBXNativeTarget "watchMeal" */;
			buildPhases = (
				B23440292496574900F08716 /* Resources */,
				B23440532496574D00F08716 /* Embed App Extensions */,
			);
			buildRules = (
			);
			dependencies = (
				B234403A2496574C00F08716 /* PBXTargetDependency */,
			);
			name = watchMeal;
			productName = watchMeal;
			productReference = B234402B2496574900F08716 /* watchMeal.app */;
			productType = "com.apple.product-type.application.watchapp2";
		};
		B23440362496574C00F08716 /* watchMeal Extension */ = {
			isa = PBXNativeTarget;
			buildConfigurationList = B23440562496574D00F08716 /* Build configuration list for PBXNativeTarget "watchMeal Extension" */;
			buildPhases = (
				B23440332496574C00F08716 /* Sources */,
				B23440342496574C00F08716 /* Frameworks */,
				B23440352496574C00F08716 /* Resources */,
			);
			buildRules = (
			);
			dependencies = (
			);
			name = "watchMeal Extension";
			packageProductDependencies = (
				B201C1DD24965B8400FC3EFA /* SwiftSoup */,
			);
			productName = "watchMeal Extension";
			productReference = B23440372496574C00F08716 /* watchMeal Extension.appex */;
			productType = "com.apple.product-type.watchkit2-extension";
		};
		B24E5CB823A638380087B2F1 /* Geupsik */ = {
			isa = PBXNativeTarget;
			buildConfigurationList = B24E5CCD23A638380087B2F1 /* Build configuration list for PBXNativeTarget "Geupsik" */;
			buildPhases = (
				B24E5CB523A638380087B2F1 /* Sources */,
				B24E5CB623A638380087B2F1 /* Frameworks */,
				B24E5CB723A638380087B2F1 /* Resources */,
				B23440502496574D00F08716 /* Embed Watch Content */,
				B21870CC253A8BFA002F8FD2 /* Embed App Extensions */,
			);
			buildRules = (
			);
			dependencies = (
				B234404E2496574D00F08716 /* PBXTargetDependency */,
				B2187107253A8C53002F8FD2 /* PBXTargetDependency */,
			);
			name = Geupsik;
			packageProductDependencies = (
				B29187F223A66F4A0067D259 /* SwiftSoup */,
				B23FC3E6269AF2D200EDF9DC /* SwiftUIRefresh */,
			);
			productName = Geupsik;
			productReference = B24E5CB923A638380087B2F1 /* MHMeal.app */;
			productType = "com.apple.product-type.application";
		};
/* End PBXNativeTarget section */

/* Begin PBXProject section */
		B24E5CB123A638380087B2F1 /* Project object */ = {
			isa = PBXProject;
			attributes = {
				LastSwiftUpdateCheck = 1220;
				LastUpgradeCheck = 1200;
				ORGANIZATIONNAME = n30gu1;
				TargetAttributes = {
					B21870FC253A8C51002F8FD2 = {
						CreatedOnToolsVersion = 12.2;
					};
					B234402A2496574900F08716 = {
						CreatedOnToolsVersion = 11.5;
					};
					B23440362496574C00F08716 = {
						CreatedOnToolsVersion = 11.5;
					};
					B24E5CB823A638380087B2F1 = {
						CreatedOnToolsVersion = 11.3;
					};
				};
			};
			buildConfigurationList = B24E5CB423A638380087B2F1 /* Build configuration list for PBXProject "Geupsik" */;
			compatibilityVersion = "Xcode 9.3";
			developmentRegion = en;
			hasScannedForEncodings = 0;
			knownRegions = (
				en,
				Base,
				ko,
			);
			mainGroup = B24E5CB023A638380087B2F1;
			packageReferences = (
				B29187F123A66F4A0067D259 /* XCRemoteSwiftPackageReference "SwiftSoup" */,
				B23FC3E5269AF2D200EDF9DC /* XCRemoteSwiftPackageReference "SwiftUIRefresh" */,
			);
			productRefGroup = B24E5CBA23A638380087B2F1 /* Products */;
			projectDirPath = "";
			projectRoot = "";
			targets = (
				B24E5CB823A638380087B2F1 /* Geupsik */,
				B234402A2496574900F08716 /* watchMeal */,
				B23440362496574C00F08716 /* watchMeal Extension */,
				B21870FC253A8C51002F8FD2 /* mealWidgetExtension */,
			);
		};
/* End PBXProject section */

/* Begin PBXResourcesBuildPhase section */
		B21870FB253A8C51002F8FD2 /* Resources */ = {
			isa = PBXResourcesBuildPhase;
			buildActionMask = 2147483647;
			files = (
				B2187104253A8C53002F8FD2 /* Assets.xcassets in Resources */,
			);
			runOnlyForDeploymentPostprocessing = 0;
		};
		B23440292496574900F08716 /* Resources */ = {
			isa = PBXResourcesBuildPhase;
			buildActionMask = 2147483647;
			files = (
				B23440312496574B00F08716 /* Assets.xcassets in Resources */,
				B234402F2496574900F08716 /* Interface.storyboard in Resources */,
			);
			runOnlyForDeploymentPostprocessing = 0;
		};
		B23440352496574C00F08716 /* Resources */ = {
			isa = PBXResourcesBuildPhase;
			buildActionMask = 2147483647;
			files = (
				B234404A2496574D00F08716 /* Preview Assets.xcassets in Resources */,
				B21615D42497879200F53167 /* Localizable.strings in Resources */,
				B23440472496574D00F08716 /* Assets.xcassets in Resources */,
			);
			runOnlyForDeploymentPostprocessing = 0;
		};
		B24E5CB723A638380087B2F1 /* Resources */ = {
			isa = PBXResourcesBuildPhase;
			buildActionMask = 2147483647;
			files = (
				B2E65B922414A10A000C2D9A /* Localizable.strings in Resources */,
				B24E5CC923A638380087B2F1 /* LaunchScreen.storyboard in Resources */,
				B24E5CC623A638380087B2F1 /* Preview Assets.xcassets in Resources */,
				B24E5CC323A638380087B2F1 /* Assets.xcassets in Resources */,
			);
			runOnlyForDeploymentPostprocessing = 0;
		};
/* End PBXResourcesBuildPhase section */

/* Begin PBXSourcesBuildPhase section */
		B21870F9253A8C51002F8FD2 /* Sources */ = {
			isa = PBXSourcesBuildPhase;
			buildActionMask = 2147483647;
			files = (
				B260300F253ADDF6009C8A11 /* GetData.swift in Sources */,
				B2187102253A8C51002F8FD2 /* mealWidget.swift in Sources */,
			);
			runOnlyForDeploymentPostprocessing = 0;
		};
		B23440332496574C00F08716 /* Sources */ = {
			isa = PBXSourcesBuildPhase;
			buildActionMask = 2147483647;
			files = (
				B234403F2496574C00F08716 /* HostingController.swift in Sources */,
				B271138326A195130095DACE /* WeekdayControl.swift in Sources */,
				B234403D2496574C00F08716 /* ContentView.swift in Sources */,
				B23440432496574C00F08716 /* NotificationController.swift in Sources */,
				B2344062249659A600F08716 /* MealView.swift in Sources */,
				B2C123B726A1A12100F4D1E8 /* Reorderable.swift in Sources */,
				B23440412496574C00F08716 /* ExtensionDelegate.swift in Sources */,
				B271138226A195110095DACE /* DateExtensions.swift in Sources */,
				B23440452496574C00F08716 /* NotificationView.swift in Sources */,
				B201C1DB24965B6C00FC3EFA /* GetData.swift in Sources */,
			);
			runOnlyForDeploymentPostprocessing = 0;
		};
		B24E5CB523A638380087B2F1 /* Sources */ = {
			isa = PBXSourcesBuildPhase;
			buildActionMask = 2147483647;
			files = (
				B2B8EF5426A2804500F1179D /* MealListCell.swift in Sources */,
				B24E5CBD23A638380087B2F1 /* AppDelegate.swift in Sources */,
				B271138126A194110095DACE /* NetManager.swift in Sources */,
				B2F7B57323B2327F001F3263 /* GetData.swift in Sources */,
				B2784FC0240F3E69005E0E81 /* DateExtensions.swift in Sources */,
				B24E5CBF23A638380087B2F1 /* SceneDelegate.swift in Sources */,
				B2784FC1240F3E69005E0E81 /* WeekdayControl.swift in Sources */,
				B271137526A1932E0095DACE /* Reorderable.swift in Sources */,
				B2305367269E9A7E0095F0CA /* ContentViewModel.swift in Sources */,
				B23FC3E9269AF9E600EDF9DC /* DateSelBoxView.swift in Sources */,
				B271137E26A193DC0095DACE /* TopNavigator.swift in Sources */,
				B21B0CFB23E9499200B71444 /* ActivityIndicator.swift in Sources */,
				B24E5CC123A638380087B2F1 /* ContentView.swift in Sources */,
			);
			runOnlyForDeploymentPostprocessing = 0;
		};
/* End PBXSourcesBuildPhase section */

/* Begin PBXTargetDependency section */
		B2187107253A8C53002F8FD2 /* PBXTargetDependency */ = {
			isa = PBXTargetDependency;
			platformFilter = ios;
			target = B21870FC253A8C51002F8FD2 /* mealWidgetExtension */;
			targetProxy = B2187106253A8C53002F8FD2 /* PBXContainerItemProxy */;
		};
		B234403A2496574C00F08716 /* PBXTargetDependency */ = {
			isa = PBXTargetDependency;
			target = B23440362496574C00F08716 /* watchMeal Extension */;
			targetProxy = B23440392496574C00F08716 /* PBXContainerItemProxy */;
		};
		B234404E2496574D00F08716 /* PBXTargetDependency */ = {
			isa = PBXTargetDependency;
			platformFilter = ios;
			target = B234402A2496574900F08716 /* watchMeal */;
			targetProxy = B234404D2496574D00F08716 /* PBXContainerItemProxy */;
		};
/* End PBXTargetDependency section */

/* Begin PBXVariantGroup section */
		B21615D62497879200F53167 /* Localizable.strings */ = {
			isa = PBXVariantGroup;
			children = (
				B21615D52497879200F53167 /* en */,
				B21615D72497879800F53167 /* ko */,
			);
			name = Localizable.strings;
			sourceTree = "<group>";
		};
		B234402D2496574900F08716 /* Interface.storyboard */ = {
			isa = PBXVariantGroup;
			children = (
				B234402E2496574900F08716 /* Base */,
			);
			name = Interface.storyboard;
			sourceTree = "<group>";
		};
		B24E5CC723A638380087B2F1 /* LaunchScreen.storyboard */ = {
			isa = PBXVariantGroup;
			children = (
				B24E5CC823A638380087B2F1 /* Base */,
			);
			name = LaunchScreen.storyboard;
			sourceTree = "<group>";
		};
		B2E65B942414A10A000C2D9A /* Localizable.strings */ = {
			isa = PBXVariantGroup;
			children = (
				B2E65B932414A10A000C2D9A /* ko */,
				B2E65B952414A10D000C2D9A /* en */,
			);
			name = Localizable.strings;
			sourceTree = "<group>";
		};
/* End PBXVariantGroup section */

/* Begin XCBuildConfiguration section */
		B218710A253A8C53002F8FD2 /* Debug */ = {
			isa = XCBuildConfiguration;
			buildSettings = {
				ASSETCATALOG_COMPILER_GLOBAL_ACCENT_COLOR_NAME = AccentColor;
				ASSETCATALOG_COMPILER_WIDGET_BACKGROUND_COLOR_NAME = WidgetBackground;
				CODE_SIGN_ENTITLEMENTS = mealWidgetExtension.entitlements;
				CODE_SIGN_STYLE = Automatic;
				CURRENT_PROJECT_VERSION = 2;
				DEVELOPMENT_TEAM = 98882K9P37;
				INFOPLIST_FILE = mealWidget/Info.plist;
				IPHONEOS_DEPLOYMENT_TARGET = 14.0;
				LD_RUNPATH_SEARCH_PATHS = (
					"$(inherited)",
					"@executable_path/Frameworks",
					"@executable_path/../../Frameworks",
				);
				MARKETING_VERSION = 1.99;
				PRODUCT_BUNDLE_IDENTIFIER = com.n30gu1.MHMeal.mealWidget;
				PRODUCT_NAME = "$(TARGET_NAME)";
				SKIP_INSTALL = YES;
				SUPPORTS_MACCATALYST = NO;
				SWIFT_VERSION = 5.0;
				TARGETED_DEVICE_FAMILY = "1,2";
			};
			name = Debug;
		};
		B218710B253A8C53002F8FD2 /* Release */ = {
			isa = XCBuildConfiguration;
			buildSettings = {
				ASSETCATALOG_COMPILER_GLOBAL_ACCENT_COLOR_NAME = AccentColor;
				ASSETCATALOG_COMPILER_WIDGET_BACKGROUND_COLOR_NAME = WidgetBackground;
				CODE_SIGN_ENTITLEMENTS = mealWidgetExtension.entitlements;
				CODE_SIGN_STYLE = Automatic;
				CURRENT_PROJECT_VERSION = 2;
				DEVELOPMENT_TEAM = 98882K9P37;
				INFOPLIST_FILE = mealWidget/Info.plist;
				IPHONEOS_DEPLOYMENT_TARGET = 14.0;
				LD_RUNPATH_SEARCH_PATHS = (
					"$(inherited)",
					"@executable_path/Frameworks",
					"@executable_path/../../Frameworks",
				);
				MARKETING_VERSION = 1.99;
				PRODUCT_BUNDLE_IDENTIFIER = com.n30gu1.MHMeal.mealWidget;
				PRODUCT_NAME = "$(TARGET_NAME)";
				SKIP_INSTALL = YES;
				SUPPORTS_MACCATALYST = NO;
				SWIFT_VERSION = 5.0;
				TARGETED_DEVICE_FAMILY = "1,2";
			};
			name = Release;
		};
		B23440512496574D00F08716 /* Debug */ = {
			isa = XCBuildConfiguration;
			buildSettings = {
				ALWAYS_EMBED_SWIFT_STANDARD_LIBRARIES = YES;
				ASSETCATALOG_COMPILER_APPICON_NAME = AppIcon;
				CODE_SIGN_STYLE = Automatic;
				CURRENT_PROJECT_VERSION = 2;
				DEVELOPMENT_TEAM = 98882K9P37;
				IBSC_MODULE = watchMeal_Extension;
				INFOPLIST_FILE = watchMeal/Info.plist;
				MARKETING_VERSION = 1.99;
				PRODUCT_BUNDLE_IDENTIFIER = com.n30gu1.MHMeal.watchkitapp;
				PRODUCT_NAME = "$(TARGET_NAME)";
				SDKROOT = watchos;
				SKIP_INSTALL = YES;
				SWIFT_VERSION = 5.0;
				TARGETED_DEVICE_FAMILY = 4;
				WATCHOS_DEPLOYMENT_TARGET = 7.0;
			};
			name = Debug;
		};
		B23440522496574D00F08716 /* Release */ = {
			isa = XCBuildConfiguration;
			buildSettings = {
				ALWAYS_EMBED_SWIFT_STANDARD_LIBRARIES = YES;
				ASSETCATALOG_COMPILER_APPICON_NAME = AppIcon;
				CODE_SIGN_STYLE = Automatic;
				CURRENT_PROJECT_VERSION = 2;
				DEVELOPMENT_TEAM = 98882K9P37;
				IBSC_MODULE = watchMeal_Extension;
				INFOPLIST_FILE = watchMeal/Info.plist;
				MARKETING_VERSION = 1.99;
				PRODUCT_BUNDLE_IDENTIFIER = com.n30gu1.MHMeal.watchkitapp;
				PRODUCT_NAME = "$(TARGET_NAME)";
				SDKROOT = watchos;
				SKIP_INSTALL = YES;
				SWIFT_VERSION = 5.0;
				TARGETED_DEVICE_FAMILY = 4;
				WATCHOS_DEPLOYMENT_TARGET = 7.0;
			};
			name = Release;
		};
		B23440542496574D00F08716 /* Debug */ = {
			isa = XCBuildConfiguration;
			buildSettings = {
				ASSETCATALOG_COMPILER_COMPLICATION_NAME = Complication;
				CODE_SIGN_STYLE = Automatic;
				CURRENT_PROJECT_VERSION = 2;
				DEVELOPMENT_ASSET_PATHS = "\"watchMeal Extension/Preview Content\"";
				DEVELOPMENT_TEAM = 98882K9P37;
				ENABLE_PREVIEWS = YES;
				INFOPLIST_FILE = "watchMeal Extension/Info.plist";
				LD_RUNPATH_SEARCH_PATHS = (
					"$(inherited)",
					"@executable_path/Frameworks",
					"@executable_path/../../Frameworks",
				);
				MARKETING_VERSION = 1.99;
				PRODUCT_BUNDLE_IDENTIFIER = com.n30gu1.MHMeal.watchkitapp.watchkitextension;
				PRODUCT_NAME = "${TARGET_NAME}";
				SDKROOT = watchos;
				SKIP_INSTALL = YES;
				SWIFT_VERSION = 5.0;
				TARGETED_DEVICE_FAMILY = 4;
				WATCHOS_DEPLOYMENT_TARGET = 7.0;
			};
			name = Debug;
		};
		B23440552496574D00F08716 /* Release */ = {
			isa = XCBuildConfiguration;
			buildSettings = {
				ASSETCATALOG_COMPILER_COMPLICATION_NAME = Complication;
				CODE_SIGN_STYLE = Automatic;
				CURRENT_PROJECT_VERSION = 2;
				DEVELOPMENT_ASSET_PATHS = "\"watchMeal Extension/Preview Content\"";
				DEVELOPMENT_TEAM = 98882K9P37;
				ENABLE_PREVIEWS = YES;
				INFOPLIST_FILE = "watchMeal Extension/Info.plist";
				LD_RUNPATH_SEARCH_PATHS = (
					"$(inherited)",
					"@executable_path/Frameworks",
					"@executable_path/../../Frameworks",
				);
				MARKETING_VERSION = 1.99;
				PRODUCT_BUNDLE_IDENTIFIER = com.n30gu1.MHMeal.watchkitapp.watchkitextension;
				PRODUCT_NAME = "${TARGET_NAME}";
				SDKROOT = watchos;
				SKIP_INSTALL = YES;
				SWIFT_VERSION = 5.0;
				TARGETED_DEVICE_FAMILY = 4;
				WATCHOS_DEPLOYMENT_TARGET = 7.0;
			};
			name = Release;
		};
		B24E5CCB23A638380087B2F1 /* Debug */ = {
			isa = XCBuildConfiguration;
			buildSettings = {
				ALWAYS_SEARCH_USER_PATHS = NO;
				CLANG_ANALYZER_LOCALIZABILITY_NONLOCALIZED = YES;
				CLANG_ANALYZER_NONNULL = YES;
				CLANG_ANALYZER_NUMBER_OBJECT_CONVERSION = YES_AGGRESSIVE;
				CLANG_CXX_LANGUAGE_STANDARD = "gnu++14";
				CLANG_CXX_LIBRARY = "libc++";
				CLANG_ENABLE_MODULES = YES;
				CLANG_ENABLE_OBJC_ARC = YES;
				CLANG_ENABLE_OBJC_WEAK = YES;
				CLANG_WARN_BLOCK_CAPTURE_AUTORELEASING = YES;
				CLANG_WARN_BOOL_CONVERSION = YES;
				CLANG_WARN_COMMA = YES;
				CLANG_WARN_CONSTANT_CONVERSION = YES;
				CLANG_WARN_DEPRECATED_OBJC_IMPLEMENTATIONS = YES;
				CLANG_WARN_DIRECT_OBJC_ISA_USAGE = YES_ERROR;
				CLANG_WARN_DOCUMENTATION_COMMENTS = YES;
				CLANG_WARN_EMPTY_BODY = YES;
				CLANG_WARN_ENUM_CONVERSION = YES;
				CLANG_WARN_INFINITE_RECURSION = YES;
				CLANG_WARN_INT_CONVERSION = YES;
				CLANG_WARN_NON_LITERAL_NULL_CONVERSION = YES;
				CLANG_WARN_OBJC_IMPLICIT_RETAIN_SELF = YES;
				CLANG_WARN_OBJC_LITERAL_CONVERSION = YES;
				CLANG_WARN_OBJC_ROOT_CLASS = YES_ERROR;
				CLANG_WARN_QUOTED_INCLUDE_IN_FRAMEWORK_HEADER = YES;
				CLANG_WARN_RANGE_LOOP_ANALYSIS = YES;
				CLANG_WARN_STRICT_PROTOTYPES = YES;
				CLANG_WARN_SUSPICIOUS_MOVE = YES;
				CLANG_WARN_UNGUARDED_AVAILABILITY = YES_AGGRESSIVE;
				CLANG_WARN_UNREACHABLE_CODE = YES;
				CLANG_WARN__DUPLICATE_METHOD_MATCH = YES;
				COPY_PHASE_STRIP = NO;
				DEBUG_INFORMATION_FORMAT = dwarf;
				ENABLE_STRICT_OBJC_MSGSEND = YES;
				ENABLE_TESTABILITY = YES;
				GCC_C_LANGUAGE_STANDARD = gnu11;
				GCC_DYNAMIC_NO_PIC = NO;
				GCC_NO_COMMON_BLOCKS = YES;
				GCC_OPTIMIZATION_LEVEL = 0;
				GCC_PREPROCESSOR_DEFINITIONS = (
					"DEBUG=1",
					"$(inherited)",
				);
				GCC_WARN_64_TO_32_BIT_CONVERSION = YES;
				GCC_WARN_ABOUT_RETURN_TYPE = YES_ERROR;
				GCC_WARN_UNDECLARED_SELECTOR = YES;
				GCC_WARN_UNINITIALIZED_AUTOS = YES_AGGRESSIVE;
				GCC_WARN_UNUSED_FUNCTION = YES;
				GCC_WARN_UNUSED_VARIABLE = YES;
				IPHONEOS_DEPLOYMENT_TARGET = 14.0;
				MTL_ENABLE_DEBUG_INFO = INCLUDE_SOURCE;
				MTL_FAST_MATH = YES;
				ONLY_ACTIVE_ARCH = YES;
				SDKROOT = iphoneos;
				SWIFT_ACTIVE_COMPILATION_CONDITIONS = DEBUG;
				SWIFT_OPTIMIZATION_LEVEL = "-Onone";
			};
			name = Debug;
		};
		B24E5CCC23A638380087B2F1 /* Release */ = {
			isa = XCBuildConfiguration;
			buildSettings = {
				ALWAYS_SEARCH_USER_PATHS = NO;
				CLANG_ANALYZER_LOCALIZABILITY_NONLOCALIZED = YES;
				CLANG_ANALYZER_NONNULL = YES;
				CLANG_ANALYZER_NUMBER_OBJECT_CONVERSION = YES_AGGRESSIVE;
				CLANG_CXX_LANGUAGE_STANDARD = "gnu++14";
				CLANG_CXX_LIBRARY = "libc++";
				CLANG_ENABLE_MODULES = YES;
				CLANG_ENABLE_OBJC_ARC = YES;
				CLANG_ENABLE_OBJC_WEAK = YES;
				CLANG_WARN_BLOCK_CAPTURE_AUTORELEASING = YES;
				CLANG_WARN_BOOL_CONVERSION = YES;
				CLANG_WARN_COMMA = YES;
				CLANG_WARN_CONSTANT_CONVERSION = YES;
				CLANG_WARN_DEPRECATED_OBJC_IMPLEMENTATIONS = YES;
				CLANG_WARN_DIRECT_OBJC_ISA_USAGE = YES_ERROR;
				CLANG_WARN_DOCUMENTATION_COMMENTS = YES;
				CLANG_WARN_EMPTY_BODY = YES;
				CLANG_WARN_ENUM_CONVERSION = YES;
				CLANG_WARN_INFINITE_RECURSION = YES;
				CLANG_WARN_INT_CONVERSION = YES;
				CLANG_WARN_NON_LITERAL_NULL_CONVERSION = YES;
				CLANG_WARN_OBJC_IMPLICIT_RETAIN_SELF = YES;
				CLANG_WARN_OBJC_LITERAL_CONVERSION = YES;
				CLANG_WARN_OBJC_ROOT_CLASS = YES_ERROR;
				CLANG_WARN_QUOTED_INCLUDE_IN_FRAMEWORK_HEADER = YES;
				CLANG_WARN_RANGE_LOOP_ANALYSIS = YES;
				CLANG_WARN_STRICT_PROTOTYPES = YES;
				CLANG_WARN_SUSPICIOUS_MOVE = YES;
				CLANG_WARN_UNGUARDED_AVAILABILITY = YES_AGGRESSIVE;
				CLANG_WARN_UNREACHABLE_CODE = YES;
				CLANG_WARN__DUPLICATE_METHOD_MATCH = YES;
				COPY_PHASE_STRIP = NO;
				DEBUG_INFORMATION_FORMAT = "dwarf-with-dsym";
				ENABLE_NS_ASSERTIONS = NO;
				ENABLE_STRICT_OBJC_MSGSEND = YES;
				GCC_C_LANGUAGE_STANDARD = gnu11;
				GCC_NO_COMMON_BLOCKS = YES;
				GCC_WARN_64_TO_32_BIT_CONVERSION = YES;
				GCC_WARN_ABOUT_RETURN_TYPE = YES_ERROR;
				GCC_WARN_UNDECLARED_SELECTOR = YES;
				GCC_WARN_UNINITIALIZED_AUTOS = YES_AGGRESSIVE;
				GCC_WARN_UNUSED_FUNCTION = YES;
				GCC_WARN_UNUSED_VARIABLE = YES;
				IPHONEOS_DEPLOYMENT_TARGET = 14.0;
				MTL_ENABLE_DEBUG_INFO = NO;
				MTL_FAST_MATH = YES;
				SDKROOT = iphoneos;
				SWIFT_COMPILATION_MODE = wholemodule;
				SWIFT_OPTIMIZATION_LEVEL = "-O";
				VALIDATE_PRODUCT = YES;
			};
			name = Release;
		};
		B24E5CCE23A638380087B2F1 /* Debug */ = {
			isa = XCBuildConfiguration;
			buildSettings = {
				ALWAYS_EMBED_SWIFT_STANDARD_LIBRARIES = YES;
				ASSETCATALOG_COMPILER_APPICON_NAME = AppIcon;
				CODE_SIGN_ENTITLEMENTS = Geupsik/Geupsik.entitlements;
				CODE_SIGN_STYLE = Automatic;
				CURRENT_PROJECT_VERSION = 2;
				DEVELOPMENT_ASSET_PATHS = "\"Geupsik/Preview Content\"";
				DEVELOPMENT_TEAM = 98882K9P37;
				ENABLE_PREVIEWS = YES;
				INFOPLIST_FILE = Geupsik/Info.plist;
				IPHONEOS_DEPLOYMENT_TARGET = 14.0;
				LD_RUNPATH_SEARCH_PATHS = (
					"$(inherited)",
					"@executable_path/Frameworks",
				);
				MARKETING_VERSION = 1.99;
				PRODUCT_BUNDLE_IDENTIFIER = com.n30gu1.MHMeal;
				PRODUCT_NAME = MHMeal;
				SUPPORTS_MACCATALYST = NO;
				SWIFT_VERSION = 5.0;
				TARGETED_DEVICE_FAMILY = "1,2";
			};
			name = Debug;
		};
		B24E5CCF23A638380087B2F1 /* Release */ = {
			isa = XCBuildConfiguration;
			buildSettings = {
				ALWAYS_EMBED_SWIFT_STANDARD_LIBRARIES = YES;
				ASSETCATALOG_COMPILER_APPICON_NAME = AppIcon;
				CODE_SIGN_ENTITLEMENTS = Geupsik/Geupsik.entitlements;
				CODE_SIGN_STYLE = Automatic;
				CURRENT_PROJECT_VERSION = 2;
				DEVELOPMENT_ASSET_PATHS = "\"Geupsik/Preview Content\"";
				DEVELOPMENT_TEAM = 98882K9P37;
				ENABLE_PREVIEWS = YES;
				INFOPLIST_FILE = Geupsik/Info.plist;
				IPHONEOS_DEPLOYMENT_TARGET = 14.0;
				LD_RUNPATH_SEARCH_PATHS = (
					"$(inherited)",
					"@executable_path/Frameworks",
				);
				MARKETING_VERSION = 1.99;
				PRODUCT_BUNDLE_IDENTIFIER = com.n30gu1.MHMeal;
				PRODUCT_NAME = MHMeal;
				SUPPORTS_MACCATALYST = NO;
				SWIFT_VERSION = 5.0;
				TARGETED_DEVICE_FAMILY = "1,2";
			};
			name = Release;
		};
/* End XCBuildConfiguration section */

/* Begin XCConfigurationList section */
		B2187109253A8C53002F8FD2 /* Build configuration list for PBXNativeTarget "mealWidgetExtension" */ = {
			isa = XCConfigurationList;
			buildConfigurations = (
				B218710A253A8C53002F8FD2 /* Debug */,
				B218710B253A8C53002F8FD2 /* Release */,
			);
			defaultConfigurationIsVisible = 0;
			defaultConfigurationName = Release;
		};
		B23440562496574D00F08716 /* Build configuration list for PBXNativeTarget "watchMeal Extension" */ = {
			isa = XCConfigurationList;
			buildConfigurations = (
				B23440542496574D00F08716 /* Debug */,
				B23440552496574D00F08716 /* Release */,
			);
			defaultConfigurationIsVisible = 0;
			defaultConfigurationName = Release;
		};
		B23440572496574D00F08716 /* Build configuration list for PBXNativeTarget "watchMeal" */ = {
			isa = XCConfigurationList;
			buildConfigurations = (
				B23440512496574D00F08716 /* Debug */,
				B23440522496574D00F08716 /* Release */,
			);
			defaultConfigurationIsVisible = 0;
			defaultConfigurationName = Release;
		};
		B24E5CB423A638380087B2F1 /* Build configuration list for PBXProject "Geupsik" */ = {
			isa = XCConfigurationList;
			buildConfigurations = (
				B24E5CCB23A638380087B2F1 /* Debug */,
				B24E5CCC23A638380087B2F1 /* Release */,
			);
			defaultConfigurationIsVisible = 0;
			defaultConfigurationName = Release;
		};
		B24E5CCD23A638380087B2F1 /* Build configuration list for PBXNativeTarget "Geupsik" */ = {
			isa = XCConfigurationList;
			buildConfigurations = (
				B24E5CCE23A638380087B2F1 /* Debug */,
				B24E5CCF23A638380087B2F1 /* Release */,
			);
			defaultConfigurationIsVisible = 0;
			defaultConfigurationName = Release;
		};
/* End XCConfigurationList section */

/* Begin XCRemoteSwiftPackageReference section */
		B23FC3E5269AF2D200EDF9DC /* XCRemoteSwiftPackageReference "SwiftUIRefresh" */ = {
			isa = XCRemoteSwiftPackageReference;
			repositoryURL = "https://github.com/timbersoftware/SwiftUIRefresh.git";
			requirement = {
				kind = upToNextMajorVersion;
				minimumVersion = 0.0.3;
			};
		};
		B29187F123A66F4A0067D259 /* XCRemoteSwiftPackageReference "SwiftSoup" */ = {
			isa = XCRemoteSwiftPackageReference;
			repositoryURL = "https://github.com/scinfu/SwiftSoup";
			requirement = {
				kind = upToNextMajorVersion;
				minimumVersion = 2.3.0;
			};
		};
/* End XCRemoteSwiftPackageReference section */

/* Begin XCSwiftPackageProductDependency section */
		B201C1DD24965B8400FC3EFA /* SwiftSoup */ = {
			isa = XCSwiftPackageProductDependency;
			package = B29187F123A66F4A0067D259 /* XCRemoteSwiftPackageReference "SwiftSoup" */;
			productName = SwiftSoup;
		};
		B23FC3E6269AF2D200EDF9DC /* SwiftUIRefresh */ = {
			isa = XCSwiftPackageProductDependency;
			package = B23FC3E5269AF2D200EDF9DC /* XCRemoteSwiftPackageReference "SwiftUIRefresh" */;
			productName = SwiftUIRefresh;
		};
		B29187F223A66F4A0067D259 /* SwiftSoup */ = {
			isa = XCSwiftPackageProductDependency;
			package = B29187F123A66F4A0067D259 /* XCRemoteSwiftPackageReference "SwiftSoup" */;
			productName = SwiftSoup;
		};
		B2946CAC253AA8E8002FBBC5 /* SwiftSoup */ = {
			isa = XCSwiftPackageProductDependency;
			package = B29187F123A66F4A0067D259 /* XCRemoteSwiftPackageReference "SwiftSoup" */;
			productName = SwiftSoup;
		};
/* End XCSwiftPackageProductDependency section */
	};
	rootObject = B24E5CB123A638380087B2F1 /* Project object */;
}
